github.com/Rhymond/go-money v1.0.9 h1:Yr7wSat9cJcf9BGnQl2QY2yyUMvR/exol57uNL/5p8c=
github.com/Rhymond/go-money v1.0.9/go.mod h1:iHvCuIvitxu2JIlAlhF0g9jHqjRSr+rpdOs7Omqlupg=
github.com/lmittmann/tint v0.3.1 h1:FglmyjhkTPteCABqOL4J/zvmDYq89dVNz3g+snmVrkU=
github.com/lmittmann/tint v0.3.1/go.mod h1:Hi8xHQVw7I5gYrQ2hVhB/dDhqdGATpCoFVX0Ep4pPDY=
golang.org/x/exp v0.0.0-20230418202329-0354be287a23 h1:4NKENAGIctmZYLK9W+X1kDK8ObBFqOSCJM6WE7CvkJY=
golang.org/x/exp v0.0.0-20230418202329-0354be287a23/go.mod h1:CxIveKay+FTh1D0yPZemJVgC/95VzuuOLq5Qi4xnoYc=
